
Microsoft Visual Studio Solution File, Format Version 12.00
# Visual Studio Version 17
VisualStudioVersion = 17.8.34525.116
MinimumVisualStudioVersion = 10.0.40219.1
Project("{9A19103F-16F7-4668-BE54-9A1E7A4F7556}") = "PriceHistory", "PriceHistory.csproj", "{23BF67E2-6997-490F-9E83-43E12CD58905}"
EndProject
Project("{FAE04EC0-301F-11D3-BF4B-00C04F79EFBC}") = "PriceHistory.Data", "..\PriceHistory.Data\PriceHistory.Data.csproj", "{931EE6C4-335F-494B-8101-18C9231C1D37}"
EndProject
Project("{FAE04EC0-301F-11D3-BF4B-00C04F79EFBC}") = "PriceHistory.Model", "..\PriceHistory.Model\PriceHistory.Model.csproj", "{02221578-C100-4BEE-8518-E0B556D55728}"
EndProject
Global
	GlobalSection(SolutionConfigurationPlatforms) = preSolution
		Debug|Any CPU = Debug|Any CPU
		Release|Any CPU = Release|Any CPU
	EndGlobalSection
	GlobalSection(ProjectConfigurationPlatforms) = postSolution
		{23BF67E2-6997-490F-9E83-43E12CD58905}.Debug|Any CPU.ActiveCfg = Debug|Any CPU
		{23BF67E2-6997-490F-9E83-43E12CD58905}.Debug|Any CPU.Build.0 = Debug|Any CPU
		{23BF67E2-6997-490F-9E83-43E12CD58905}.Release|Any CPU.ActiveCfg = Release|Any CPU
		{23BF67E2-6997-490F-9E83-43E12CD58905}.Release|Any CPU.Build.0 = Release|Any CPU
		{931EE6C4-335F-494B-8101-18C9231C1D37}.Debug|Any CPU.ActiveCfg = Debug|Any CPU
		{931EE6C4-335F-494B-8101-18C9231C1D37}.Debug|Any CPU.Build.0 = Debug|Any CPU
		{931EE6C4-335F-494B-8101-18C9231C1D37}.Release|Any CPU.ActiveCfg = Release|Any CPU
		{931EE6C4-335F-494B-8101-18C9231C1D37}.Release|Any CPU.Build.0 = Release|Any CPU
		{02221578-C100-4BEE-8518-E0B556D55728}.Debug|Any CPU.ActiveCfg = Debug|Any CPU
		{02221578-C100-4BEE-8518-E0B556D55728}.Debug|Any CPU.Build.0 = Debug|Any CPU
		{02221578-C100-4BEE-8518-E0B556D55728}.Release|Any CPU.ActiveCfg = Release|Any CPU
		{02221578-C100-4BEE-8518-E0B556D55728}.Release|Any CPU.Build.0 = Release|Any CPU
	EndGlobalSection
	GlobalSection(SolutionProperties) = preSolution
		HideSolutionNode = FALSE
	EndGlobalSection
	GlobalSection(ExtensibilityGlobals) = postSolution
		SolutionGuid = {BD2DA7A1-0AE1-43F0-ABBF-9106FBFCAE35}
	EndGlobalSection
EndGlobal
